{
  "version": 4,
  "terraform_version": "1.9.3",
  "serial": 17,
  "lineage": "37d7f090-6b2c-fe0e-95ca-2d27a4a9a011",
  "outputs": {},
  "resources": [
    {
      "mode": "managed",
      "type": "google_firebase_project",
      "name": "project",
      "provider": "provider[\"registry.terraform.io/hashicorp/google-beta\"]",
      "instances": [
        {
          "schema_version": 0,
          "attributes": {
            "display_name": "BlogApplication",
            "id": "projects/blogapplication-431707",
            "project": "blogapplication-431707",
            "project_number": "283549045937",
            "timeouts": null
          },
          "sensitive_attributes": [],
          "private": "eyJlMmJmYjczMC1lY2FhLTExZTYtOGY4OC0zNDM2M2JjN2M0YzAiOnsiY3JlYXRlIjoxMjAwMDAwMDAwMDAwLCJkZWxldGUiOjEyMDAwMDAwMDAwMDB9fQ=="
        }
      ]
    },
    {
      "mode": "managed",
      "type": "google_firebase_web_app",
      "name": "web_app",
      "provider": "provider[\"registry.terraform.io/hashicorp/google-beta\"]",
      "instances": [
        {
          "schema_version": 0,
          "attributes": {
            "api_key_id": "db2cda39-d354-4c06-ac8c-90aa54aeb145",
            "app_id": "1:283549045937:web:b88b54aed5e45d3dedfe90",
            "app_urls": [],
            "deletion_policy": "ABANDON",
            "display_name": "blogapp",
            "id": "projects/blogapplication-431707/webApps/1:283549045937:web:b88b54aed5e45d3dedfe90",
            "name": "projects/blogapplication-431707/webApps/1:283549045937:web:b88b54aed5e45d3dedfe90",
            "project": "blogapplication-431707",
            "timeouts": null
          },
          "sensitive_attributes": [],
          "private": "eyJlMmJmYjczMC1lY2FhLTExZTYtOGY4OC0zNDM2M2JjN2M0YzAiOnsiY3JlYXRlIjoxMjAwMDAwMDAwMDAwLCJkZWxldGUiOjEyMDAwMDAwMDAwMDAsInVwZGF0ZSI6MTIwMDAwMDAwMDAwMH19"
        }
      ]
    }
  ],
  "check_results": null
}
