{
  "version": 4,
  "terraform_version": "1.9.3",
  "serial": 19,
  "lineage": "37d7f090-6b2c-fe0e-95ca-2d27a4a9a011",
  "outputs": {},
  "resources": [
    {
      "mode": "managed",
      "type": "google_firebase_project",
      "name": "project",
      "provider": "provider[\"registry.terraform.io/hashicorp/google-beta\"]",
      "instances": [
        {
          "schema_version": 0,
          "attributes": {
            "display_name": "BlogApplication",
            "id": "projects/blogapplication-431707",
            "project": "blogapplication-431707",
            "project_number": "283549045937",
            "timeouts": null
          },
          "sensitive_attributes": [],
          "private": "eyJlMmJmYjczMC1lY2FhLTExZTYtOGY4OC0zNDM2M2JjN2M0YzAiOnsiY3JlYXRlIjoxMjAwMDAwMDAwMDAwLCJkZWxldGUiOjEyMDAwMDAwMDAwMDB9fQ=="
        }
      ]
    },
    {
      "mode": "managed",
      "type": "google_firebase_web_app",
      "name": "web_app",
      "provider": "provider[\"registry.terraform.io/hashicorp/google-beta\"]",
      "instances": [
        {
          "schema_version": 0,
          "attributes": {
            "api_key_id": "db2cda39-d354-4c06-ac8c-90aa54aeb145",
            "app_id": "1:283549045937:web:b88b54aed5e45d3dedfe90",
            "app_urls": [],
            "deletion_policy": "ABANDON",
            "display_name": "blogapp",
            "id": "projects/blogapplication-431707/webApps/1:283549045937:web:b88b54aed5e45d3dedfe90",
            "name": "projects/blogapplication-431707/webApps/1:283549045937:web:b88b54aed5e45d3dedfe90",
            "project": "blogapplication-431707",
            "timeouts": null
          },
          "sensitive_attributes": [],
          "private": "eyJlMmJmYjczMC1lY2FhLTExZTYtOGY4OC0zNDM2M2JjN2M0YzAiOnsiY3JlYXRlIjoxMjAwMDAwMDAwMDAwLCJkZWxldGUiOjEyMDAwMDAwMDAwMDAsInVwZGF0ZSI6MTIwMDAwMDAwMDAwMH19"
        }
      ]
    },
    {
      "mode": "managed",
      "type": "google_firestore_database",
      "name": "firestore",
      "provider": "provider[\"registry.terraform.io/hashicorp/google-beta\"]",
      "instances": [
        {
          "schema_version": 0,
          "attributes": {
            "app_engine_integration_mode": "DISABLED",
            "concurrency_mode": "PESSIMISTIC",
            "create_time": "",
            "delete_protection_state": "DELETE_PROTECTION_DISABLED",
            "earliest_version_time": "2024-08-06T09:49:27.241426Z",
            "etag": "II6W+bGL4IcDMNLN2KyL4IcD",
            "id": "projects/blogapplication-431707/databases/(default)",
            "key_prefix": "",
            "location_id": "us-central1",
            "name": "(default)",
            "point_in_time_recovery_enablement": "POINT_IN_TIME_RECOVERY_DISABLED",
            "project": "blogapplication-431707",
            "timeouts": null,
            "type": "FIRESTORE_NATIVE",
            "uid": "7e8086cd-db86-4eec-8766-a78ce4c2bd73",
            "update_time": "",
            "version_retention_period": "3600s"
          },
          "sensitive_attributes": [],
          "private": "eyJlMmJmYjczMC1lY2FhLTExZTYtOGY4OC0zNDM2M2JjN2M0YzAiOnsiY3JlYXRlIjoxMjAwMDAwMDAwMDAwLCJkZWxldGUiOjEyMDAwMDAwMDAwMDAsInVwZGF0ZSI6MTIwMDAwMDAwMDAwMH19"
        }
      ]
    }
  ],
  "check_results": null
}
